Microsoft Visual Studio Solution File, Format Version 8.00
Project("{8BC9CEB8-8B4A-11D0-8D11-00A0C91BC942}") = "MPIRegister", "MPIRegister\MPIRegister.vcproj", "{8B4A575B-9F5A-4F96-9AF6-4FF9F96DFC88}"
	ProjectSection(ProjectDependencies) = postProject
	EndProjectSection
EndProject
Project("{8BC9CEB8-8B4A-11D0-8D11-00A0C91BC942}") = "MPIRun", "MPIRun\MPIRun.vcproj", "{18D75EAB-4F80-4E2A-8DF7-DAD5C4E95894}"
	ProjectSection(ProjectDependencies) = postProject
	EndProjectSection
EndProject
Project("{8BC9CEB8-8B4A-11D0-8D11-00A0C91BC942}") = "guiMPIJob", "guiMPIJob\guiMPIJob.vcproj", "{91723287-C744-4DEA-93F6-BCCDBC2EF38A}"
	ProjectSection(ProjectDependencies) = postProject
	EndProjectSection
EndProject
Project("{8BC9CEB8-8B4A-11D0-8D11-00A0C91BC942}") = "guiMPIRun", "guiMPIRun\guiMPIRun.vcproj", "{A78248A7-9E24-4769-A9AD-665915496311}"
	ProjectSection(ProjectDependencies) = postProject
	EndProjectSection
EndProject
Project("{8BC9CEB8-8B4A-11D0-8D11-00A0C91BC942}") = "mpijob", "mpijob\mpijob.vcproj", "{5DEC2E78-9BAE-4AE9-A2B2-DEC5CE29EA11}"
	ProjectSection(ProjectDependencies) = postProject
	EndProjectSection
EndProject
Global
	GlobalSection(SolutionConfiguration) = preSolution
		Debug = Debug
		Release = Release
	EndGlobalSection
	GlobalSection(ProjectConfiguration) = postSolution
		{8B4A575B-9F5A-4F96-9AF6-4FF9F96DFC88}.Debug.ActiveCfg = Debug|Win32
		{8B4A575B-9F5A-4F96-9AF6-4FF9F96DFC88}.Debug.Build.0 = Debug|Win32
		{8B4A575B-9F5A-4F96-9AF6-4FF9F96DFC88}.Release.ActiveCfg = Release|Win32
		{8B4A575B-9F5A-4F96-9AF6-4FF9F96DFC88}.Release.Build.0 = Release|Win32
		{18D75EAB-4F80-4E2A-8DF7-DAD5C4E95894}.Debug.ActiveCfg = Debug|Win32
		{18D75EAB-4F80-4E2A-8DF7-DAD5C4E95894}.Debug.Build.0 = Debug|Win32
		{18D75EAB-4F80-4E2A-8DF7-DAD5C4E95894}.Release.ActiveCfg = Release|Win32
		{18D75EAB-4F80-4E2A-8DF7-DAD5C4E95894}.Release.Build.0 = Release|Win32
		{91723287-C744-4DEA-93F6-BCCDBC2EF38A}.Debug.ActiveCfg = Debug|Win32
		{91723287-C744-4DEA-93F6-BCCDBC2EF38A}.Debug.Build.0 = Debug|Win32
		{91723287-C744-4DEA-93F6-BCCDBC2EF38A}.Release.ActiveCfg = Release|Win32
		{91723287-C744-4DEA-93F6-BCCDBC2EF38A}.Release.Build.0 = Release|Win32
		{A78248A7-9E24-4769-A9AD-665915496311}.Debug.ActiveCfg = Debug|Win32
		{A78248A7-9E24-4769-A9AD-665915496311}.Debug.Build.0 = Debug|Win32
		{A78248A7-9E24-4769-A9AD-665915496311}.Release.ActiveCfg = Release|Win32
		{A78248A7-9E24-4769-A9AD-665915496311}.Release.Build.0 = Release|Win32
		{5DEC2E78-9BAE-4AE9-A2B2-DEC5CE29EA11}.Debug.ActiveCfg = Debug|Win32
		{5DEC2E78-9BAE-4AE9-A2B2-DEC5CE29EA11}.Debug.Build.0 = Debug|Win32
		{5DEC2E78-9BAE-4AE9-A2B2-DEC5CE29EA11}.Release.ActiveCfg = Release|Win32
		{5DEC2E78-9BAE-4AE9-A2B2-DEC5CE29EA11}.Release.Build.0 = Release|Win32
	EndGlobalSection
	GlobalSection(ExtensibilityGlobals) = postSolution
	EndGlobalSection
	GlobalSection(ExtensibilityAddIns) = postSolution
	EndGlobalSection
EndGlobal
