Microsoft Visual Studio Solution File, Format Version 8.00
Project("{8BC9CEB8-8B4A-11D0-8D11-00A0C91BC942}") = "MPDUpdate", "MPDUpdate\MPDUpdate.vcproj", "{4D6EBD26-7E46-483E-8886-6D72696EF6AB}"
	ProjectSection(ProjectDependencies) = postProject
		{DE30978F-6D74-4FFE-A0A2-3FA50FBCC7C3} = {DE30978F-6D74-4FFE-A0A2-3FA50FBCC7C3}
		{582E7EB4-72D4-436E-84CC-E9B8BC5418C4} = {582E7EB4-72D4-436E-84CC-E9B8BC5418C4}
		{3942B20F-2C51-4B31-A511-F32DF200F680} = {3942B20F-2C51-4B31-A511-F32DF200F680}
	EndProjectSection
EndProject
Project("{8BC9CEB8-8B4A-11D0-8D11-00A0C91BC942}") = "MPIConfig", "MPIConfig\MPIConfig.vcproj", "{ABC99627-DD2A-4B5B-9DA4-FED372C888EA}"
	ProjectSection(ProjectDependencies) = postProject
		{DE30978F-6D74-4FFE-A0A2-3FA50FBCC7C3} = {DE30978F-6D74-4FFE-A0A2-3FA50FBCC7C3}
		{3942B20F-2C51-4B31-A511-F32DF200F680} = {3942B20F-2C51-4B31-A511-F32DF200F680}
		{582E7EB4-72D4-436E-84CC-E9B8BC5418C4} = {582E7EB4-72D4-436E-84CC-E9B8BC5418C4}
	EndProjectSection
EndProject
Project("{8BC9CEB8-8B4A-11D0-8D11-00A0C91BC942}") = "crypt", "crypt\crypt.vcproj", "{3942B20F-2C51-4B31-A511-F32DF200F680}"
	ProjectSection(ProjectDependencies) = postProject
	EndProjectSection
EndProject
Project("{8BC9CEB8-8B4A-11D0-8D11-00A0C91BC942}") = "dbs", "dbs\dbs.vcproj", "{F25DB627-9FE0-4071-8E72-56E4E61C3C14}"
	ProjectSection(ProjectDependencies) = postProject
	EndProjectSection
EndProject
Project("{8BC9CEB8-8B4A-11D0-8D11-00A0C91BC942}") = "mpd", "mpd\mpd.vcproj", "{90F5F185-8F14-420A-B9A0-9215AF6C870E}"
	ProjectSection(ProjectDependencies) = postProject
		{F25DB627-9FE0-4071-8E72-56E4E61C3C14} = {F25DB627-9FE0-4071-8E72-56E4E61C3C14}
		{DE30978F-6D74-4FFE-A0A2-3FA50FBCC7C3} = {DE30978F-6D74-4FFE-A0A2-3FA50FBCC7C3}
		{3C8E6145-A976-4D43-903F-2BA8C7B32EB0} = {3C8E6145-A976-4D43-903F-2BA8C7B32EB0}
	EndProjectSection
EndProject
Project("{8BC9CEB8-8B4A-11D0-8D11-00A0C91BC942}") = "mpdutil", "mpdutil\mpdutil.vcproj", "{DE30978F-6D74-4FFE-A0A2-3FA50FBCC7C3}"
	ProjectSection(ProjectDependencies) = postProject
	EndProjectSection
EndProject
Project("{8BC9CEB8-8B4A-11D0-8D11-00A0C91BC942}") = "mpichinfo", "mpichinfo\mpichinfo.vcproj", "{74F98CE8-CB81-413D-AE40-DDFBD6540719}"
	ProjectSection(ProjectDependencies) = postProject
	EndProjectSection
EndProject
Project("{8BC9CEB8-8B4A-11D0-8D11-00A0C91BC942}") = "privileges", "Privileges\privileges.vcproj", "{3C8E6145-A976-4D43-903F-2BA8C7B32EB0}"
	ProjectSection(ProjectDependencies) = postProject
	EndProjectSection
EndProject
Project("{8BC9CEB8-8B4A-11D0-8D11-00A0C91BC942}") = "resizable", "resizer\resizable.vcproj", "{582E7EB4-72D4-436E-84CC-E9B8BC5418C4}"
	ProjectSection(ProjectDependencies) = postProject
	EndProjectSection
EndProject
Project("{8BC9CEB8-8B4A-11D0-8D11-00A0C91BC942}") = "smpd", "smpd\smpd.vcproj", "{0436B8FA-A6A1-42B3-93CF-163409CC3750}"
	ProjectSection(ProjectDependencies) = postProject
	EndProjectSection
EndProject
Global
	GlobalSection(SolutionConfiguration) = preSolution
		Debug = Debug
		Release = Release
	EndGlobalSection
	GlobalSection(ProjectConfiguration) = postSolution
		{4D6EBD26-7E46-483E-8886-6D72696EF6AB}.Debug.ActiveCfg = Debug|Win32
		{4D6EBD26-7E46-483E-8886-6D72696EF6AB}.Debug.Build.0 = Debug|Win32
		{4D6EBD26-7E46-483E-8886-6D72696EF6AB}.Release.ActiveCfg = Release|Win32
		{4D6EBD26-7E46-483E-8886-6D72696EF6AB}.Release.Build.0 = Release|Win32
		{ABC99627-DD2A-4B5B-9DA4-FED372C888EA}.Debug.ActiveCfg = Debug|Win32
		{ABC99627-DD2A-4B5B-9DA4-FED372C888EA}.Debug.Build.0 = Debug|Win32
		{ABC99627-DD2A-4B5B-9DA4-FED372C888EA}.Release.ActiveCfg = Release|Win32
		{ABC99627-DD2A-4B5B-9DA4-FED372C888EA}.Release.Build.0 = Release|Win32
		{3942B20F-2C51-4B31-A511-F32DF200F680}.Debug.ActiveCfg = Debug|Win32
		{3942B20F-2C51-4B31-A511-F32DF200F680}.Debug.Build.0 = Debug|Win32
		{3942B20F-2C51-4B31-A511-F32DF200F680}.Release.ActiveCfg = Release|Win32
		{3942B20F-2C51-4B31-A511-F32DF200F680}.Release.Build.0 = Release|Win32
		{F25DB627-9FE0-4071-8E72-56E4E61C3C14}.Debug.ActiveCfg = Debug|Win32
		{F25DB627-9FE0-4071-8E72-56E4E61C3C14}.Debug.Build.0 = Debug|Win32
		{F25DB627-9FE0-4071-8E72-56E4E61C3C14}.Release.ActiveCfg = Release|Win32
		{F25DB627-9FE0-4071-8E72-56E4E61C3C14}.Release.Build.0 = Release|Win32
		{90F5F185-8F14-420A-B9A0-9215AF6C870E}.Debug.ActiveCfg = Debug|Win32
		{90F5F185-8F14-420A-B9A0-9215AF6C870E}.Debug.Build.0 = Debug|Win32
		{90F5F185-8F14-420A-B9A0-9215AF6C870E}.Release.ActiveCfg = Release|Win32
		{90F5F185-8F14-420A-B9A0-9215AF6C870E}.Release.Build.0 = Release|Win32
		{DE30978F-6D74-4FFE-A0A2-3FA50FBCC7C3}.Debug.ActiveCfg = Debug|Win32
		{DE30978F-6D74-4FFE-A0A2-3FA50FBCC7C3}.Debug.Build.0 = Debug|Win32
		{DE30978F-6D74-4FFE-A0A2-3FA50FBCC7C3}.Release.ActiveCfg = Release|Win32
		{DE30978F-6D74-4FFE-A0A2-3FA50FBCC7C3}.Release.Build.0 = Release|Win32
		{74F98CE8-CB81-413D-AE40-DDFBD6540719}.Debug.ActiveCfg = Debug|Win32
		{74F98CE8-CB81-413D-AE40-DDFBD6540719}.Debug.Build.0 = Debug|Win32
		{74F98CE8-CB81-413D-AE40-DDFBD6540719}.Release.ActiveCfg = Release|Win32
		{74F98CE8-CB81-413D-AE40-DDFBD6540719}.Release.Build.0 = Release|Win32
		{3C8E6145-A976-4D43-903F-2BA8C7B32EB0}.Debug.ActiveCfg = Debug|Win32
		{3C8E6145-A976-4D43-903F-2BA8C7B32EB0}.Debug.Build.0 = Debug|Win32
		{3C8E6145-A976-4D43-903F-2BA8C7B32EB0}.Release.ActiveCfg = Release|Win32
		{3C8E6145-A976-4D43-903F-2BA8C7B32EB0}.Release.Build.0 = Release|Win32
		{582E7EB4-72D4-436E-84CC-E9B8BC5418C4}.Debug.ActiveCfg = Debug|Win32
		{582E7EB4-72D4-436E-84CC-E9B8BC5418C4}.Debug.Build.0 = Debug|Win32
		{582E7EB4-72D4-436E-84CC-E9B8BC5418C4}.Release.ActiveCfg = Release|Win32
		{582E7EB4-72D4-436E-84CC-E9B8BC5418C4}.Release.Build.0 = Release|Win32
		{0436B8FA-A6A1-42B3-93CF-163409CC3750}.Debug.ActiveCfg = Debug|Win32
		{0436B8FA-A6A1-42B3-93CF-163409CC3750}.Debug.Build.0 = Debug|Win32
		{0436B8FA-A6A1-42B3-93CF-163409CC3750}.Release.ActiveCfg = Release|Win32
		{0436B8FA-A6A1-42B3-93CF-163409CC3750}.Release.Build.0 = Release|Win32
	EndGlobalSection
	GlobalSection(ExtensibilityGlobals) = postSolution
	EndGlobalSection
	GlobalSection(ExtensibilityAddIns) = postSolution
	EndGlobalSection
EndGlobal
